
Microsoft Visual Studio Solution File, Format Version 12.00
Project("{FAE04EC0-301F-11D3-BF4B-00C04F79EFBC}") = "DirectorServer", "DirectorServer\DirectorServer.csproj", "{786A36E5-5AA0-4ECD-A347-3A0DBE533298}"
EndProject
Global
	GlobalSection(SolutionConfigurationPlatforms) = preSolution
		Debug|Any CPU = Debug|Any CPU
		Release|Any CPU = Release|Any CPU
	EndGlobalSection
	GlobalSection(ProjectConfigurationPlatforms) = postSolution
		{786A36E5-5AA0-4ECD-A347-3A0DBE533298}.Debug|Any CPU.ActiveCfg = Debug|Any CPU
		{786A36E5-5AA0-4ECD-A347-3A0DBE533298}.Debug|Any CPU.Build.0 = Debug|Any CPU
		{786A36E5-5AA0-4ECD-A347-3A0DBE533298}.Release|Any CPU.ActiveCfg = Release|Any CPU
		{786A36E5-5AA0-4ECD-A347-3A0DBE533298}.Release|Any CPU.Build.0 = Release|Any CPU
	EndGlobalSection
EndGlobal
